
Microsoft Visual Studio Solution File, Format Version 12.00
Project("{2150E333-8FDC-42A3-9474-1A3956D46DE8}") = "Services", "Services", "{A82E971A-D188-418C-8103-9FDA6A640690}"
EndProject
Project("{2150E333-8FDC-42A3-9474-1A3956D46DE8}") = "PCT", "PCT", "{73863328-5325-4523-9F1F-9AF1FFE78ACD}"
EndProject
Project("{2150E333-8FDC-42A3-9474-1A3956D46DE8}") = "Identity", "Identity", "{69EF5523-CC38-4FC4-8172-133E501821E0}"
EndProject
Project("{2150E333-8FDC-42A3-9474-1A3956D46DE8}") = "Web", "Web", "{D485D414-6918-4BCA-8194-9DA6162B5549}"
EndProject
Project("{2150E333-8FDC-42A3-9474-1A3956D46DE8}") = "Tests", "Tests", "{4FAF01E1-F946-4000-911F-BF7124CF6E79}"
EndProject
Project("{FAE04EC0-301F-11D3-BF4B-00C04F79EFBC}") = "PCT.API", "Services\PCT\PCT.API\PCT.API.csproj", "{8AD85DEA-2301-4EC8-AE04-3B1ADAB60845}"
EndProject
Project("{FAE04EC0-301F-11D3-BF4B-00C04F79EFBC}") = "PCT.Application", "Services\PCT\PCT.Application\PCT.Application.csproj", "{5ED94816-10BE-463F-8E23-AF9D98A34950}"
EndProject
Project("{FAE04EC0-301F-11D3-BF4B-00C04F79EFBC}") = "PCT.Domain", "Services\PCT\PCT.Domain\PCT.Domain.csproj", "{4DF4D2F7-E64C-4FCA-AFBD-C4845196E740}"
EndProject
Project("{FAE04EC0-301F-11D3-BF4B-00C04F79EFBC}") = "PCT.Infrastructure", "Services\PCT\PCT.Infrastructure\PCT.Infrastructure.csproj", "{209D4347-8A82-4910-91CE-3D23F379DEE4}"
EndProject
Project("{FAE04EC0-301F-11D3-BF4B-00C04F79EFBC}") = "Identity", "Services\Identity\Identity.csproj", "{FE3F0B1A-5C2B-455F-A51F-4B0F7EB82B37}"
EndProject
Global
	GlobalSection(SolutionConfigurationPlatforms) = preSolution
		Debug|Any CPU = Debug|Any CPU
		Release|Any CPU = Release|Any CPU
	EndGlobalSection
	GlobalSection(ProjectConfigurationPlatforms) = postSolution
		{8AD85DEA-2301-4EC8-AE04-3B1ADAB60845}.Debug|Any CPU.ActiveCfg = Debug|Any CPU
		{8AD85DEA-2301-4EC8-AE04-3B1ADAB60845}.Debug|Any CPU.Build.0 = Debug|Any CPU
		{8AD85DEA-2301-4EC8-AE04-3B1ADAB60845}.Release|Any CPU.ActiveCfg = Release|Any CPU
		{8AD85DEA-2301-4EC8-AE04-3B1ADAB60845}.Release|Any CPU.Build.0 = Release|Any CPU
		{5ED94816-10BE-463F-8E23-AF9D98A34950}.Debug|Any CPU.ActiveCfg = Debug|Any CPU
		{5ED94816-10BE-463F-8E23-AF9D98A34950}.Debug|Any CPU.Build.0 = Debug|Any CPU
		{5ED94816-10BE-463F-8E23-AF9D98A34950}.Release|Any CPU.ActiveCfg = Release|Any CPU
		{5ED94816-10BE-463F-8E23-AF9D98A34950}.Release|Any CPU.Build.0 = Release|Any CPU
		{4DF4D2F7-E64C-4FCA-AFBD-C4845196E740}.Debug|Any CPU.ActiveCfg = Debug|Any CPU
		{4DF4D2F7-E64C-4FCA-AFBD-C4845196E740}.Debug|Any CPU.Build.0 = Debug|Any CPU
		{4DF4D2F7-E64C-4FCA-AFBD-C4845196E740}.Release|Any CPU.ActiveCfg = Release|Any CPU
		{4DF4D2F7-E64C-4FCA-AFBD-C4845196E740}.Release|Any CPU.Build.0 = Release|Any CPU
		{209D4347-8A82-4910-91CE-3D23F379DEE4}.Debug|Any CPU.ActiveCfg = Debug|Any CPU
		{209D4347-8A82-4910-91CE-3D23F379DEE4}.Debug|Any CPU.Build.0 = Debug|Any CPU
		{209D4347-8A82-4910-91CE-3D23F379DEE4}.Release|Any CPU.ActiveCfg = Release|Any CPU
		{209D4347-8A82-4910-91CE-3D23F379DEE4}.Release|Any CPU.Build.0 = Release|Any CPU
		{FE3F0B1A-5C2B-455F-A51F-4B0F7EB82B37}.Debug|Any CPU.ActiveCfg = Debug|Any CPU
		{FE3F0B1A-5C2B-455F-A51F-4B0F7EB82B37}.Debug|Any CPU.Build.0 = Debug|Any CPU
		{FE3F0B1A-5C2B-455F-A51F-4B0F7EB82B37}.Release|Any CPU.ActiveCfg = Release|Any CPU
		{FE3F0B1A-5C2B-455F-A51F-4B0F7EB82B37}.Release|Any CPU.Build.0 = Release|Any CPU
	EndGlobalSection
	GlobalSection(NestedProjects) = preSolution
		{73863328-5325-4523-9F1F-9AF1FFE78ACD} = {A82E971A-D188-418C-8103-9FDA6A640690}
		{69EF5523-CC38-4FC4-8172-133E501821E0} = {A82E971A-D188-418C-8103-9FDA6A640690}
		{8AD85DEA-2301-4EC8-AE04-3B1ADAB60845} = {73863328-5325-4523-9F1F-9AF1FFE78ACD}
		{5ED94816-10BE-463F-8E23-AF9D98A34950} = {73863328-5325-4523-9F1F-9AF1FFE78ACD}
		{4DF4D2F7-E64C-4FCA-AFBD-C4845196E740} = {73863328-5325-4523-9F1F-9AF1FFE78ACD}
		{209D4347-8A82-4910-91CE-3D23F379DEE4} = {73863328-5325-4523-9F1F-9AF1FFE78ACD}
		{FE3F0B1A-5C2B-455F-A51F-4B0F7EB82B37} = {69EF5523-CC38-4FC4-8172-133E501821E0}
	EndGlobalSection
EndGlobal
